
Microsoft Visual Studio Solution File, Format Version 12.00
# Visual Studio Version 17
VisualStudioVersion = 17.11.35303.130
MinimumVisualStudioVersion = 10.0.40219.1
Project("{2150E333-8FDC-42A3-9474-1A3956D46DE8}") = "Task0", "Task0", "{82766BD7-6BA8-47AD-B050-7E3F9C6DD108}"
EndProject
Project("{9A19103F-16F7-4668-BE54-9A1E7A4F7556}") = "Tyuiu.NoskovVI.Sprint1.Task0.V18", "Tyuiu.NoskovVI.Sprint1.Task0.V0\Tyuiu.NoskovVI.Sprint1.Task0.V18.csproj", "{4061F650-DE26-4034-907E-D7088D266B11}"
EndProject
Project("{9A19103F-16F7-4668-BE54-9A1E7A4F7556}") = "Tyuiu.NoskovVI.Sprint1.Task0.V18.Lib", "Tyuiu.NoskovVI.Sprint1.Task0.V0.Lib\Tyuiu.NoskovVI.Sprint1.Task0.V18.Lib.csproj", "{D79FA409-71B4-4C84-B02A-FFF16646E073}"
EndProject
Project("{9A19103F-16F7-4668-BE54-9A1E7A4F7556}") = "Tyuiu.NoskovVI.Sprint1.Task0.V18.Test", "Tyuiu.NoskovVI.Sprint1.Task0.V0.Test\Tyuiu.NoskovVI.Sprint1.Task0.V18.Test.csproj", "{B87CB6ED-0E25-4ADC-A72A-13B6710ABEF2}"
EndProject
Project("{2150E333-8FDC-42A3-9474-1A3956D46DE8}") = "Task1", "Task1", "{CCF15EED-E48A-42F6-959A-BCD41E2D924A}"
EndProject
Project("{9A19103F-16F7-4668-BE54-9A1E7A4F7556}") = "Tyuiu.NoskovVI.Sprint1.Task1.V24", "Tyuiu.NoskovVI.Sprint1.Task1.V24\Tyuiu.NoskovVI.Sprint1.Task1.V24.csproj", "{95A9850B-A5ED-4B8D-A7C9-31FEC7F82F98}"
EndProject
Project("{9A19103F-16F7-4668-BE54-9A1E7A4F7556}") = "Tyuiu.NoskovVI.Sprint1.Task1.V24.Test", "Tyuiu.NoskovVI.Sprint1.Task1.V24.Test\Tyuiu.NoskovVI.Sprint1.Task1.V24.Test.csproj", "{59CAD953-2FEB-4ABA-859E-3C5D1A4F58C3}"
EndProject
Project("{9A19103F-16F7-4668-BE54-9A1E7A4F7556}") = "Tyuiu.NoskovVI.Sprint1.Task1.V24.Lib", "Tyuiu.NoskovVI.Sprint1.Task1.V24.Lib\Tyuiu.NoskovVI.Sprint1.Task1.V24.Lib.csproj", "{8BFFC330-E47C-4198-986F-777472D08684}"
EndProject
Project("{2150E333-8FDC-42A3-9474-1A3956D46DE8}") = "Task2", "Task2", "{625A65E3-3008-4B08-B0E7-8FC458B2F944}"
EndProject
Project("{9A19103F-16F7-4668-BE54-9A1E7A4F7556}") = "Tyuiu.NoskovVI.Sprint1.Task2.V26", "Tyuiu.NoskovVI.Sprint1.Task2.V26\Tyuiu.NoskovVI.Sprint1.Task2.V26.csproj", "{59F57523-D893-41E5-9C23-639274E45CAF}"
EndProject
Project("{9A19103F-16F7-4668-BE54-9A1E7A4F7556}") = "Tyuiu.NoskovVI.Sprint1.Task2.V26.Lib", "Tyuiu.NoskovVI.Sprint1.Task2.V26.Lib\Tyuiu.NoskovVI.Sprint1.Task2.V26.Lib.csproj", "{5759DD57-C754-4C73-B3BA-8D1F48593FAB}"
EndProject
Project("{9A19103F-16F7-4668-BE54-9A1E7A4F7556}") = "Tyuiu.NoskovVI.Sprint1.Task2.V26.Test", "Tyuiu.NoskovVI.Sprint1.Task2.V26.Test\Tyuiu.NoskovVI.Sprint1.Task2.V26.Test.csproj", "{1BAE129F-692F-4C6B-BE33-696832CC5D3C}"
EndProject
Project("{2150E333-8FDC-42A3-9474-1A3956D46DE8}") = "Task3", "Task3", "{5E4B94A7-F226-4D6D-B554-E7B6247CBFAA}"
EndProject
Project("{9A19103F-16F7-4668-BE54-9A1E7A4F7556}") = "Tyuiu.NoskovVI.Sprint1.Task3.V16", "Tyuiu.NoskovVI.Sprint1.Task3.V16\Tyuiu.NoskovVI.Sprint1.Task3.V16.csproj", "{F30C30A7-2EB7-4325-9D75-31E61B0339B8}"
EndProject
Project("{9A19103F-16F7-4668-BE54-9A1E7A4F7556}") = "Tyuiu.NoskovVI.Sprint1.Task3.V16.Lib", "Tyuiu.NoskovVI.Sprint1.Task3.V16.Lib\Tyuiu.NoskovVI.Sprint1.Task3.V16.Lib.csproj", "{A3AB2898-CC58-4916-AF0B-BE10EF5BAA03}"
EndProject
Project("{9A19103F-16F7-4668-BE54-9A1E7A4F7556}") = "Tyuiu.NoskovVI.Sprint1.Task3.V16.Test", "Tyuiu.NoskovVI.Sprint1.Task3.V16.Test\Tyuiu.NoskovVI.Sprint1.Task3.V16.Test.csproj", "{CEE9899A-0A77-4C78-BD9C-F61408D11890}"
EndProject
Project("{2150E333-8FDC-42A3-9474-1A3956D46DE8}") = "Task4", "Task4", "{6EAB7AA3-95CA-4CB8-9956-46CD68AC50C7}"
EndProject
Project("{FAE04EC0-301F-11D3-BF4B-00C04F79EFBC}") = "Tyuiu.NoskovVI.Sprint1.Task4.V28", "Tyuiu.NoskovVI.Sprint1.Task4.V28\Tyuiu.NoskovVI.Sprint1.Task4.V28.csproj", "{B53F781C-752D-4B7E-BA56-E0C5881A7744}"
EndProject
Project("{FAE04EC0-301F-11D3-BF4B-00C04F79EFBC}") = "Tyuiu.NoskovVI.Sprint1.Task4.V28.Lib", "Tyuiu.NoskovVI.Sprint1.Task4.V28.Lib\Tyuiu.NoskovVI.Sprint1.Task4.V28.Lib.csproj", "{09348134-0813-41D7-BF50-BB04FB852BEE}"
EndProject
Project("{FAE04EC0-301F-11D3-BF4B-00C04F79EFBC}") = "Tyuiu.NoskovVI.Sprint1.Task4.V28.Test", "Tyuiu.NoskovVI.Sprint1.Task4.V28.Test\Tyuiu.NoskovVI.Sprint1.Task4.V28.Test.csproj", "{6A576BB4-53CA-4126-99C1-303E244147D7}"
EndProject
Project("{2150E333-8FDC-42A3-9474-1A3956D46DE8}") = "Task5", "Task5", "{F0097080-E9B2-4E5E-A9A3-DCD6C912DA64}"
EndProject
Project("{FAE04EC0-301F-11D3-BF4B-00C04F79EFBC}") = "Tyuiu.NoskovVI.Sprint1.Task5.V1", "Tyuiu.NoskovVI.Sprint1.Task5.V1\Tyuiu.NoskovVI.Sprint1.Task5.V1.csproj", "{DC1E4AC3-D19D-4CE8-BB42-4797FFE2365B}"
EndProject
Project("{FAE04EC0-301F-11D3-BF4B-00C04F79EFBC}") = "Tyuiu.NoskovVI.Sprint1.Task5.V1.Test", "Tyuiu.NoskovVI.Sprint1.Task5.V1.Test\Tyuiu.NoskovVI.Sprint1.Task5.V1.Test.csproj", "{6D848C6C-D7A9-4110-AE06-971709205CF9}"
EndProject
Project("{FAE04EC0-301F-11D3-BF4B-00C04F79EFBC}") = "Tyuiu.NoskovVI.Sprint1.Task5.V1.Lib", "Tyuiu.NoskovVI.Sprint1.Task5.V1.Lib\Tyuiu.NoskovVI.Sprint1.Task5.V1.Lib.csproj", "{94856CBA-E652-4537-A426-E62119D8A6FB}"
EndProject
Global
	GlobalSection(SolutionConfigurationPlatforms) = preSolution
		Debug|Any CPU = Debug|Any CPU
		Release|Any CPU = Release|Any CPU
	EndGlobalSection
	GlobalSection(ProjectConfigurationPlatforms) = postSolution
		{4061F650-DE26-4034-907E-D7088D266B11}.Debug|Any CPU.ActiveCfg = Debug|Any CPU
		{4061F650-DE26-4034-907E-D7088D266B11}.Debug|Any CPU.Build.0 = Debug|Any CPU
		{4061F650-DE26-4034-907E-D7088D266B11}.Release|Any CPU.ActiveCfg = Release|Any CPU
		{4061F650-DE26-4034-907E-D7088D266B11}.Release|Any CPU.Build.0 = Release|Any CPU
		{D79FA409-71B4-4C84-B02A-FFF16646E073}.Debug|Any CPU.ActiveCfg = Debug|Any CPU
		{D79FA409-71B4-4C84-B02A-FFF16646E073}.Debug|Any CPU.Build.0 = Debug|Any CPU
		{D79FA409-71B4-4C84-B02A-FFF16646E073}.Release|Any CPU.ActiveCfg = Release|Any CPU
		{D79FA409-71B4-4C84-B02A-FFF16646E073}.Release|Any CPU.Build.0 = Release|Any CPU
		{B87CB6ED-0E25-4ADC-A72A-13B6710ABEF2}.Debug|Any CPU.ActiveCfg = Debug|Any CPU
		{B87CB6ED-0E25-4ADC-A72A-13B6710ABEF2}.Debug|Any CPU.Build.0 = Debug|Any CPU
		{B87CB6ED-0E25-4ADC-A72A-13B6710ABEF2}.Release|Any CPU.ActiveCfg = Release|Any CPU
		{B87CB6ED-0E25-4ADC-A72A-13B6710ABEF2}.Release|Any CPU.Build.0 = Release|Any CPU
		{95A9850B-A5ED-4B8D-A7C9-31FEC7F82F98}.Debug|Any CPU.ActiveCfg = Debug|Any CPU
		{95A9850B-A5ED-4B8D-A7C9-31FEC7F82F98}.Debug|Any CPU.Build.0 = Debug|Any CPU
		{95A9850B-A5ED-4B8D-A7C9-31FEC7F82F98}.Release|Any CPU.ActiveCfg = Release|Any CPU
		{95A9850B-A5ED-4B8D-A7C9-31FEC7F82F98}.Release|Any CPU.Build.0 = Release|Any CPU
		{59CAD953-2FEB-4ABA-859E-3C5D1A4F58C3}.Debug|Any CPU.ActiveCfg = Debug|Any CPU
		{59CAD953-2FEB-4ABA-859E-3C5D1A4F58C3}.Debug|Any CPU.Build.0 = Debug|Any CPU
		{59CAD953-2FEB-4ABA-859E-3C5D1A4F58C3}.Release|Any CPU.ActiveCfg = Release|Any CPU
		{59CAD953-2FEB-4ABA-859E-3C5D1A4F58C3}.Release|Any CPU.Build.0 = Release|Any CPU
		{8BFFC330-E47C-4198-986F-777472D08684}.Debug|Any CPU.ActiveCfg = Debug|Any CPU
		{8BFFC330-E47C-4198-986F-777472D08684}.Debug|Any CPU.Build.0 = Debug|Any CPU
		{8BFFC330-E47C-4198-986F-777472D08684}.Release|Any CPU.ActiveCfg = Release|Any CPU
		{8BFFC330-E47C-4198-986F-777472D08684}.Release|Any CPU.Build.0 = Release|Any CPU
		{59F57523-D893-41E5-9C23-639274E45CAF}.Debug|Any CPU.ActiveCfg = Debug|Any CPU
		{59F57523-D893-41E5-9C23-639274E45CAF}.Debug|Any CPU.Build.0 = Debug|Any CPU
		{59F57523-D893-41E5-9C23-639274E45CAF}.Release|Any CPU.ActiveCfg = Release|Any CPU
		{59F57523-D893-41E5-9C23-639274E45CAF}.Release|Any CPU.Build.0 = Release|Any CPU
		{5759DD57-C754-4C73-B3BA-8D1F48593FAB}.Debug|Any CPU.ActiveCfg = Debug|Any CPU
		{5759DD57-C754-4C73-B3BA-8D1F48593FAB}.Debug|Any CPU.Build.0 = Debug|Any CPU
		{5759DD57-C754-4C73-B3BA-8D1F48593FAB}.Release|Any CPU.ActiveCfg = Release|Any CPU
		{5759DD57-C754-4C73-B3BA-8D1F48593FAB}.Release|Any CPU.Build.0 = Release|Any CPU
		{1BAE129F-692F-4C6B-BE33-696832CC5D3C}.Debug|Any CPU.ActiveCfg = Debug|Any CPU
		{1BAE129F-692F-4C6B-BE33-696832CC5D3C}.Debug|Any CPU.Build.0 = Debug|Any CPU
		{1BAE129F-692F-4C6B-BE33-696832CC5D3C}.Release|Any CPU.ActiveCfg = Release|Any CPU
		{1BAE129F-692F-4C6B-BE33-696832CC5D3C}.Release|Any CPU.Build.0 = Release|Any CPU
		{F30C30A7-2EB7-4325-9D75-31E61B0339B8}.Debug|Any CPU.ActiveCfg = Debug|Any CPU
		{F30C30A7-2EB7-4325-9D75-31E61B0339B8}.Debug|Any CPU.Build.0 = Debug|Any CPU
		{F30C30A7-2EB7-4325-9D75-31E61B0339B8}.Release|Any CPU.ActiveCfg = Release|Any CPU
		{F30C30A7-2EB7-4325-9D75-31E61B0339B8}.Release|Any CPU.Build.0 = Release|Any CPU
		{A3AB2898-CC58-4916-AF0B-BE10EF5BAA03}.Debug|Any CPU.ActiveCfg = Debug|Any CPU
		{A3AB2898-CC58-4916-AF0B-BE10EF5BAA03}.Debug|Any CPU.Build.0 = Debug|Any CPU
		{A3AB2898-CC58-4916-AF0B-BE10EF5BAA03}.Release|Any CPU.ActiveCfg = Release|Any CPU
		{A3AB2898-CC58-4916-AF0B-BE10EF5BAA03}.Release|Any CPU.Build.0 = Release|Any CPU
		{CEE9899A-0A77-4C78-BD9C-F61408D11890}.Debug|Any CPU.ActiveCfg = Debug|Any CPU
		{CEE9899A-0A77-4C78-BD9C-F61408D11890}.Debug|Any CPU.Build.0 = Debug|Any CPU
		{CEE9899A-0A77-4C78-BD9C-F61408D11890}.Release|Any CPU.ActiveCfg = Release|Any CPU
		{CEE9899A-0A77-4C78-BD9C-F61408D11890}.Release|Any CPU.Build.0 = Release|Any CPU
		{B53F781C-752D-4B7E-BA56-E0C5881A7744}.Debug|Any CPU.ActiveCfg = Debug|Any CPU
		{B53F781C-752D-4B7E-BA56-E0C5881A7744}.Debug|Any CPU.Build.0 = Debug|Any CPU
		{B53F781C-752D-4B7E-BA56-E0C5881A7744}.Release|Any CPU.ActiveCfg = Release|Any CPU
		{B53F781C-752D-4B7E-BA56-E0C5881A7744}.Release|Any CPU.Build.0 = Release|Any CPU
		{09348134-0813-41D7-BF50-BB04FB852BEE}.Debug|Any CPU.ActiveCfg = Debug|Any CPU
		{09348134-0813-41D7-BF50-BB04FB852BEE}.Debug|Any CPU.Build.0 = Debug|Any CPU
		{09348134-0813-41D7-BF50-BB04FB852BEE}.Release|Any CPU.ActiveCfg = Release|Any CPU
		{09348134-0813-41D7-BF50-BB04FB852BEE}.Release|Any CPU.Build.0 = Release|Any CPU
		{6A576BB4-53CA-4126-99C1-303E244147D7}.Debug|Any CPU.ActiveCfg = Debug|Any CPU
		{6A576BB4-53CA-4126-99C1-303E244147D7}.Debug|Any CPU.Build.0 = Debug|Any CPU
		{6A576BB4-53CA-4126-99C1-303E244147D7}.Release|Any CPU.ActiveCfg = Release|Any CPU
		{6A576BB4-53CA-4126-99C1-303E244147D7}.Release|Any CPU.Build.0 = Release|Any CPU
		{DC1E4AC3-D19D-4CE8-BB42-4797FFE2365B}.Debug|Any CPU.ActiveCfg = Debug|Any CPU
		{DC1E4AC3-D19D-4CE8-BB42-4797FFE2365B}.Debug|Any CPU.Build.0 = Debug|Any CPU
		{DC1E4AC3-D19D-4CE8-BB42-4797FFE2365B}.Release|Any CPU.ActiveCfg = Release|Any CPU
		{DC1E4AC3-D19D-4CE8-BB42-4797FFE2365B}.Release|Any CPU.Build.0 = Release|Any CPU
		{6D848C6C-D7A9-4110-AE06-971709205CF9}.Debug|Any CPU.ActiveCfg = Debug|Any CPU
		{6D848C6C-D7A9-4110-AE06-971709205CF9}.Debug|Any CPU.Build.0 = Debug|Any CPU
		{6D848C6C-D7A9-4110-AE06-971709205CF9}.Release|Any CPU.ActiveCfg = Release|Any CPU
		{6D848C6C-D7A9-4110-AE06-971709205CF9}.Release|Any CPU.Build.0 = Release|Any CPU
		{94856CBA-E652-4537-A426-E62119D8A6FB}.Debug|Any CPU.ActiveCfg = Debug|Any CPU
		{94856CBA-E652-4537-A426-E62119D8A6FB}.Debug|Any CPU.Build.0 = Debug|Any CPU
		{94856CBA-E652-4537-A426-E62119D8A6FB}.Release|Any CPU.ActiveCfg = Release|Any CPU
		{94856CBA-E652-4537-A426-E62119D8A6FB}.Release|Any CPU.Build.0 = Release|Any CPU
	EndGlobalSection
	GlobalSection(SolutionProperties) = preSolution
		HideSolutionNode = FALSE
	EndGlobalSection
	GlobalSection(NestedProjects) = preSolution
		{4061F650-DE26-4034-907E-D7088D266B11} = {82766BD7-6BA8-47AD-B050-7E3F9C6DD108}
		{D79FA409-71B4-4C84-B02A-FFF16646E073} = {82766BD7-6BA8-47AD-B050-7E3F9C6DD108}
		{B87CB6ED-0E25-4ADC-A72A-13B6710ABEF2} = {82766BD7-6BA8-47AD-B050-7E3F9C6DD108}
		{95A9850B-A5ED-4B8D-A7C9-31FEC7F82F98} = {CCF15EED-E48A-42F6-959A-BCD41E2D924A}
		{59CAD953-2FEB-4ABA-859E-3C5D1A4F58C3} = {CCF15EED-E48A-42F6-959A-BCD41E2D924A}
		{8BFFC330-E47C-4198-986F-777472D08684} = {CCF15EED-E48A-42F6-959A-BCD41E2D924A}
		{59F57523-D893-41E5-9C23-639274E45CAF} = {625A65E3-3008-4B08-B0E7-8FC458B2F944}
		{5759DD57-C754-4C73-B3BA-8D1F48593FAB} = {625A65E3-3008-4B08-B0E7-8FC458B2F944}
		{1BAE129F-692F-4C6B-BE33-696832CC5D3C} = {625A65E3-3008-4B08-B0E7-8FC458B2F944}
		{F30C30A7-2EB7-4325-9D75-31E61B0339B8} = {5E4B94A7-F226-4D6D-B554-E7B6247CBFAA}
		{A3AB2898-CC58-4916-AF0B-BE10EF5BAA03} = {5E4B94A7-F226-4D6D-B554-E7B6247CBFAA}
		{CEE9899A-0A77-4C78-BD9C-F61408D11890} = {5E4B94A7-F226-4D6D-B554-E7B6247CBFAA}
		{B53F781C-752D-4B7E-BA56-E0C5881A7744} = {6EAB7AA3-95CA-4CB8-9956-46CD68AC50C7}
		{09348134-0813-41D7-BF50-BB04FB852BEE} = {6EAB7AA3-95CA-4CB8-9956-46CD68AC50C7}
		{6A576BB4-53CA-4126-99C1-303E244147D7} = {6EAB7AA3-95CA-4CB8-9956-46CD68AC50C7}
		{DC1E4AC3-D19D-4CE8-BB42-4797FFE2365B} = {F0097080-E9B2-4E5E-A9A3-DCD6C912DA64}
		{6D848C6C-D7A9-4110-AE06-971709205CF9} = {F0097080-E9B2-4E5E-A9A3-DCD6C912DA64}
		{94856CBA-E652-4537-A426-E62119D8A6FB} = {F0097080-E9B2-4E5E-A9A3-DCD6C912DA64}
	EndGlobalSection
	GlobalSection(ExtensibilityGlobals) = postSolution
		SolutionGuid = {A0337BF3-DE2C-4BF3-8E19-67BE848A2F4A}
	EndGlobalSection
EndGlobal
